Microsoft Visual Studio Solution File, Format Version 12.00
# Visual Studio 14
VisualStudioVersion = 14.0.23107.0
MinimumVisualStudioVersion = 10.0.40219.1
Project("{FAE04EC0-301F-11D3-BF4B-00C04F79EFBC}") = "FabrikamFiber.Web", "FabrikamFiber.Web\FabrikamFiber.Web.csproj", "{456D6BF0-21B0-4995-9D77-76FA13AD95DA}"
EndProject
Project("{FAE04EC0-301F-11D3-BF4B-00C04F79EFBC}") = "FabrikamFiber.DAL", "FabrikamFiber.DAL\FabrikamFiber.DAL.csproj", "{64058BA2-30B8-4A35-8D4C-CB4F6D6D7442}"
EndProject
Global
	GlobalSection(SolutionConfigurationPlatforms) = preSolution
		Debug|Any CPU = Debug|Any CPU
		Release|Any CPU = Release|Any CPU
	EndGlobalSection
	GlobalSection(ProjectConfigurationPlatforms) = postSolution
		{456D6BF0-21B0-4995-9D77-76FA13AD95DA}.Debug|Any CPU.ActiveCfg = Debug|Any CPU
		{456D6BF0-21B0-4995-9D77-76FA13AD95DA}.Debug|Any CPU.Build.0 = Debug|Any CPU
		{456D6BF0-21B0-4995-9D77-76FA13AD95DA}.Release|Any CPU.ActiveCfg = Release|Any CPU
		{456D6BF0-21B0-4995-9D77-76FA13AD95DA}.Release|Any CPU.Build.0 = Release|Any CPU
		{64058BA2-30B8-4A35-8D4C-CB4F6D6D7442}.Debug|Any CPU.ActiveCfg = Debug|Any CPU
		{64058BA2-30B8-4A35-8D4C-CB4F6D6D7442}.Debug|Any CPU.Build.0 = Debug|Any CPU
		{64058BA2-30B8-4A35-8D4C-CB4F6D6D7442}.Release|Any CPU.ActiveCfg = Release|Any CPU
		{64058BA2-30B8-4A35-8D4C-CB4F6D6D7442}.Release|Any CPU.Build.0 = Release|Any CPU
	EndGlobalSection
	GlobalSection(SolutionProperties) = preSolution
		HideSolutionNode = FALSE
	EndGlobalSection
EndGlobal
